
Microsoft Visual Studio Solution File, Format Version 12.00
# Visual Studio Version 17
VisualStudioVersion = 17.9.34728.123
MinimumVisualStudioVersion = 10.0.40219.1
Project("{2150E333-8FDC-42A3-9474-1A3956D46DE8}") = "src", "src", "{5925402A-5512-43A1-A584-05094AA04590}"
EndProject
Project("{2150E333-8FDC-42A3-9474-1A3956D46DE8}") = "Bootstrapper", "Bootstrapper", "{739AD66B-F949-4FA0-B513-041AE8B05127}"
EndProject
Project("{2150E333-8FDC-42A3-9474-1A3956D46DE8}") = "Modules", "Modules", "{AEEC4707-A575-4C19-A625-A69B937E4A31}"
EndProject
Project("{2150E333-8FDC-42A3-9474-1A3956D46DE8}") = "User", "User", "{EEB8EEE3-9ADF-40EB-9159-A70C5065CCCA}"
EndProject
Project("{2150E333-8FDC-42A3-9474-1A3956D46DE8}") = "Administration", "Administration", "{5A073316-FABF-4062-8A2F-F53F569565EF}"
EndProject
Project("{2150E333-8FDC-42A3-9474-1A3956D46DE8}") = "Shared", "Shared", "{4F92C9CF-6045-4DB2-87FD-672BDD2C86A2}"
EndProject
Project("{9A19103F-16F7-4668-BE54-9A1E7A4F7556}") = "WorldDomination.Shared", "src\Shared\WorldDomination.Shared\WorldDomination.Shared.csproj", "{92CE329B-9A45-4A74-9B9E-C81AD289CECD}"
EndProject
Project("{9A19103F-16F7-4668-BE54-9A1E7A4F7556}") = "WorldDomination.Bootstrapper", "src\Bootstrapper\WorldDomination.Bootstrapper\WorldDomination.Bootstrapper.csproj", "{C9B63693-8698-4DD0-94B5-307ED7CB4C09}"
EndProject
Project("{2150E333-8FDC-42A3-9474-1A3956D46DE8}") = "test", "test", "{2A2B9B87-1022-4824-AA3E-3A448CE76A46}"
EndProject
Project("{9A19103F-16F7-4668-BE54-9A1E7A4F7556}") = "User.Domain", "src\Modules\User\User.Domain\User.Domain.csproj", "{4F219288-F57A-4CE7-B563-87265D128E8A}"
EndProject
Project("{9A19103F-16F7-4668-BE54-9A1E7A4F7556}") = "User.Infrastructure", "src\Modules\User\User.Infrastructure\User.Infrastructure.csproj", "{E9F3B055-1A34-44DF-B52E-A2F75C06E540}"
EndProject
Project("{9A19103F-16F7-4668-BE54-9A1E7A4F7556}") = "User.Shared", "src\Modules\User\User.Shared\User.Shared.csproj", "{06FFCE3A-8B7D-42D6-BE62-9D695525988F}"
EndProject
Project("{9A19103F-16F7-4668-BE54-9A1E7A4F7556}") = "User.WebUI", "src\Modules\User\User.WebUI\User.WebUI.csproj", "{2666B1DE-8873-492E-BC8C-96D3FCA796D6}"
EndProject
Project("{2150E333-8FDC-42A3-9474-1A3956D46DE8}") = "Identity", "Identity", "{CDB4D07E-F2D0-42F3-AB03-7C69039688DA}"
EndProject
Project("{9A19103F-16F7-4668-BE54-9A1E7A4F7556}") = "Identity.Infrastructure", "src\Modules\Identity\Identity.Infrastructure\Identity.Infrastructure.csproj", "{A9D65AE5-9646-4CC7-9CCB-A9D93ACF63D1}"
EndProject
Project("{9A19103F-16F7-4668-BE54-9A1E7A4F7556}") = "Identity.Application", "src\Modules\Identity\Identity.Application\Identity.Application.csproj", "{EE518C4B-A6E0-4742-9987-88EDDF7D8DBE}"
EndProject
Project("{9A19103F-16F7-4668-BE54-9A1E7A4F7556}") = "Identity.WebUI", "src\Modules\Identity\Identity.WebUI\Identity.WebUI.csproj", "{80B9C52E-F191-4D50-A42D-19BF7224CD1F}"
EndProject
Project("{9A19103F-16F7-4668-BE54-9A1E7A4F7556}") = "Identity.Shared", "src\Modules\Identity\Identity.Shared\Identity.Shared.csproj", "{310EC5D4-663B-4BA5-BD91-63E2D31D3012}"
EndProject
Project("{9A19103F-16F7-4668-BE54-9A1E7A4F7556}") = "Administration.Application", "src\Modules\Administration\Administration.Application\Administration.Application.csproj", "{2D94710C-9576-4E7D-B8CA-E564A0D93638}"
EndProject
Project("{9A19103F-16F7-4668-BE54-9A1E7A4F7556}") = "Administration.WebUI", "src\Modules\Administration\Administration.WebUI\Administration.WebUI.csproj", "{7D187D3B-E408-478C-9EB2-E7AAD1571955}"
EndProject
Project("{9A19103F-16F7-4668-BE54-9A1E7A4F7556}") = "Administration.Domain", "src\Modules\Administration\Administration.Domain\Administration.Domain.csproj", "{30D67766-9CF1-4D2B-ABF0-6FE0AA2B7989}"
EndProject
Project("{9A19103F-16F7-4668-BE54-9A1E7A4F7556}") = "Administration.Shared", "src\Modules\Administration\Administration.Shared\Administration.Shared.csproj", "{1E303CD9-946E-4D91-83F2-342AB228FA54}"
EndProject
Project("{9A19103F-16F7-4668-BE54-9A1E7A4F7556}") = "Administration.Infrastructure", "src\Modules\Administration\Administration.Infrastructure\Administration.Infrastructure.csproj", "{55C9862D-477A-4C76-937F-DCEA478EC266}"
EndProject
Project("{2150E333-8FDC-42A3-9474-1A3956D46DE8}") = "Game", "Game", "{0A0A5296-C607-4F9E-8646-A7F697F457E9}"
EndProject
Project("{9A19103F-16F7-4668-BE54-9A1E7A4F7556}") = "Game.Domain", "src\Modules\Game\Game.Domain\Game.Domain.csproj", "{F28572DF-DE85-462C-ACCB-5A23DC8F4595}"
EndProject
Project("{9A19103F-16F7-4668-BE54-9A1E7A4F7556}") = "Game.Infrastructure", "src\Modules\Game\Game.Infrastructure\Game.Infrastructure.csproj", "{0A2F5A00-3474-479B-94A5-10A3039FB8F1}"
EndProject
Project("{9A19103F-16F7-4668-BE54-9A1E7A4F7556}") = "Game.WebUI", "src\Modules\Game\Game.WebUI\Game.WebUI.csproj", "{38834487-8F11-47D9-8082-6753A14DB551}"
EndProject
Project("{9A19103F-16F7-4668-BE54-9A1E7A4F7556}") = "Game.Application", "src\Modules\Game\Game.Application\Game.Application.csproj", "{66246FEC-871F-4D07-9BCC-9E5FCF3352E6}"
EndProject
Project("{9A19103F-16F7-4668-BE54-9A1E7A4F7556}") = "Game.Shared", "src\Modules\Game\Game.Shared\Game.Shared.csproj", "{C2ABB6E2-7B8D-4639-897B-63BCC35792A9}"
EndProject
Project("{FAE04EC0-301F-11D3-BF4B-00C04F79EFBC}") = "User.Application", "src\Modules\User\User.Application\User.Application.csproj", "{3C3BD029-1BE2-402E-B91F-2C93AD18C0BE}"
EndProject
Global
	GlobalSection(SolutionConfigurationPlatforms) = preSolution
		Debug|Any CPU = Debug|Any CPU
		Release|Any CPU = Release|Any CPU
	EndGlobalSection
	GlobalSection(ProjectConfigurationPlatforms) = postSolution
		{92CE329B-9A45-4A74-9B9E-C81AD289CECD}.Debug|Any CPU.ActiveCfg = Debug|Any CPU
		{92CE329B-9A45-4A74-9B9E-C81AD289CECD}.Debug|Any CPU.Build.0 = Debug|Any CPU
		{92CE329B-9A45-4A74-9B9E-C81AD289CECD}.Release|Any CPU.ActiveCfg = Release|Any CPU
		{92CE329B-9A45-4A74-9B9E-C81AD289CECD}.Release|Any CPU.Build.0 = Release|Any CPU
		{C9B63693-8698-4DD0-94B5-307ED7CB4C09}.Debug|Any CPU.ActiveCfg = Debug|Any CPU
		{C9B63693-8698-4DD0-94B5-307ED7CB4C09}.Debug|Any CPU.Build.0 = Debug|Any CPU
		{C9B63693-8698-4DD0-94B5-307ED7CB4C09}.Release|Any CPU.ActiveCfg = Release|Any CPU
		{C9B63693-8698-4DD0-94B5-307ED7CB4C09}.Release|Any CPU.Build.0 = Release|Any CPU
		{4F219288-F57A-4CE7-B563-87265D128E8A}.Debug|Any CPU.ActiveCfg = Debug|Any CPU
		{4F219288-F57A-4CE7-B563-87265D128E8A}.Debug|Any CPU.Build.0 = Debug|Any CPU
		{4F219288-F57A-4CE7-B563-87265D128E8A}.Release|Any CPU.ActiveCfg = Release|Any CPU
		{4F219288-F57A-4CE7-B563-87265D128E8A}.Release|Any CPU.Build.0 = Release|Any CPU
		{E9F3B055-1A34-44DF-B52E-A2F75C06E540}.Debug|Any CPU.ActiveCfg = Debug|Any CPU
		{E9F3B055-1A34-44DF-B52E-A2F75C06E540}.Debug|Any CPU.Build.0 = Debug|Any CPU
		{E9F3B055-1A34-44DF-B52E-A2F75C06E540}.Release|Any CPU.ActiveCfg = Release|Any CPU
		{E9F3B055-1A34-44DF-B52E-A2F75C06E540}.Release|Any CPU.Build.0 = Release|Any CPU
		{06FFCE3A-8B7D-42D6-BE62-9D695525988F}.Debug|Any CPU.ActiveCfg = Debug|Any CPU
		{06FFCE3A-8B7D-42D6-BE62-9D695525988F}.Debug|Any CPU.Build.0 = Debug|Any CPU
		{06FFCE3A-8B7D-42D6-BE62-9D695525988F}.Release|Any CPU.ActiveCfg = Release|Any CPU
		{06FFCE3A-8B7D-42D6-BE62-9D695525988F}.Release|Any CPU.Build.0 = Release|Any CPU
		{2666B1DE-8873-492E-BC8C-96D3FCA796D6}.Debug|Any CPU.ActiveCfg = Debug|Any CPU
		{2666B1DE-8873-492E-BC8C-96D3FCA796D6}.Debug|Any CPU.Build.0 = Debug|Any CPU
		{2666B1DE-8873-492E-BC8C-96D3FCA796D6}.Release|Any CPU.ActiveCfg = Release|Any CPU
		{2666B1DE-8873-492E-BC8C-96D3FCA796D6}.Release|Any CPU.Build.0 = Release|Any CPU
		{A9D65AE5-9646-4CC7-9CCB-A9D93ACF63D1}.Debug|Any CPU.ActiveCfg = Debug|Any CPU
		{A9D65AE5-9646-4CC7-9CCB-A9D93ACF63D1}.Debug|Any CPU.Build.0 = Debug|Any CPU
		{A9D65AE5-9646-4CC7-9CCB-A9D93ACF63D1}.Release|Any CPU.ActiveCfg = Release|Any CPU
		{A9D65AE5-9646-4CC7-9CCB-A9D93ACF63D1}.Release|Any CPU.Build.0 = Release|Any CPU
		{EE518C4B-A6E0-4742-9987-88EDDF7D8DBE}.Debug|Any CPU.ActiveCfg = Debug|Any CPU
		{EE518C4B-A6E0-4742-9987-88EDDF7D8DBE}.Debug|Any CPU.Build.0 = Debug|Any CPU
		{EE518C4B-A6E0-4742-9987-88EDDF7D8DBE}.Release|Any CPU.ActiveCfg = Release|Any CPU
		{EE518C4B-A6E0-4742-9987-88EDDF7D8DBE}.Release|Any CPU.Build.0 = Release|Any CPU
		{80B9C52E-F191-4D50-A42D-19BF7224CD1F}.Debug|Any CPU.ActiveCfg = Debug|Any CPU
		{80B9C52E-F191-4D50-A42D-19BF7224CD1F}.Debug|Any CPU.Build.0 = Debug|Any CPU
		{80B9C52E-F191-4D50-A42D-19BF7224CD1F}.Release|Any CPU.ActiveCfg = Release|Any CPU
		{80B9C52E-F191-4D50-A42D-19BF7224CD1F}.Release|Any CPU.Build.0 = Release|Any CPU
		{310EC5D4-663B-4BA5-BD91-63E2D31D3012}.Debug|Any CPU.ActiveCfg = Debug|Any CPU
		{310EC5D4-663B-4BA5-BD91-63E2D31D3012}.Debug|Any CPU.Build.0 = Debug|Any CPU
		{310EC5D4-663B-4BA5-BD91-63E2D31D3012}.Release|Any CPU.ActiveCfg = Release|Any CPU
		{310EC5D4-663B-4BA5-BD91-63E2D31D3012}.Release|Any CPU.Build.0 = Release|Any CPU
		{2D94710C-9576-4E7D-B8CA-E564A0D93638}.Debug|Any CPU.ActiveCfg = Debug|Any CPU
		{2D94710C-9576-4E7D-B8CA-E564A0D93638}.Debug|Any CPU.Build.0 = Debug|Any CPU
		{2D94710C-9576-4E7D-B8CA-E564A0D93638}.Release|Any CPU.ActiveCfg = Release|Any CPU
		{2D94710C-9576-4E7D-B8CA-E564A0D93638}.Release|Any CPU.Build.0 = Release|Any CPU
		{7D187D3B-E408-478C-9EB2-E7AAD1571955}.Debug|Any CPU.ActiveCfg = Debug|Any CPU
		{7D187D3B-E408-478C-9EB2-E7AAD1571955}.Debug|Any CPU.Build.0 = Debug|Any CPU
		{7D187D3B-E408-478C-9EB2-E7AAD1571955}.Release|Any CPU.ActiveCfg = Release|Any CPU
		{7D187D3B-E408-478C-9EB2-E7AAD1571955}.Release|Any CPU.Build.0 = Release|Any CPU
		{30D67766-9CF1-4D2B-ABF0-6FE0AA2B7989}.Debug|Any CPU.ActiveCfg = Debug|Any CPU
		{30D67766-9CF1-4D2B-ABF0-6FE0AA2B7989}.Debug|Any CPU.Build.0 = Debug|Any CPU
		{30D67766-9CF1-4D2B-ABF0-6FE0AA2B7989}.Release|Any CPU.ActiveCfg = Release|Any CPU
		{30D67766-9CF1-4D2B-ABF0-6FE0AA2B7989}.Release|Any CPU.Build.0 = Release|Any CPU
		{1E303CD9-946E-4D91-83F2-342AB228FA54}.Debug|Any CPU.ActiveCfg = Debug|Any CPU
		{1E303CD9-946E-4D91-83F2-342AB228FA54}.Debug|Any CPU.Build.0 = Debug|Any CPU
		{1E303CD9-946E-4D91-83F2-342AB228FA54}.Release|Any CPU.ActiveCfg = Release|Any CPU
		{1E303CD9-946E-4D91-83F2-342AB228FA54}.Release|Any CPU.Build.0 = Release|Any CPU
		{55C9862D-477A-4C76-937F-DCEA478EC266}.Debug|Any CPU.ActiveCfg = Debug|Any CPU
		{55C9862D-477A-4C76-937F-DCEA478EC266}.Debug|Any CPU.Build.0 = Debug|Any CPU
		{55C9862D-477A-4C76-937F-DCEA478EC266}.Release|Any CPU.ActiveCfg = Release|Any CPU
		{55C9862D-477A-4C76-937F-DCEA478EC266}.Release|Any CPU.Build.0 = Release|Any CPU
		{F28572DF-DE85-462C-ACCB-5A23DC8F4595}.Debug|Any CPU.ActiveCfg = Debug|Any CPU
		{F28572DF-DE85-462C-ACCB-5A23DC8F4595}.Debug|Any CPU.Build.0 = Debug|Any CPU
		{F28572DF-DE85-462C-ACCB-5A23DC8F4595}.Release|Any CPU.ActiveCfg = Release|Any CPU
		{F28572DF-DE85-462C-ACCB-5A23DC8F4595}.Release|Any CPU.Build.0 = Release|Any CPU
		{0A2F5A00-3474-479B-94A5-10A3039FB8F1}.Debug|Any CPU.ActiveCfg = Debug|Any CPU
		{0A2F5A00-3474-479B-94A5-10A3039FB8F1}.Debug|Any CPU.Build.0 = Debug|Any CPU
		{0A2F5A00-3474-479B-94A5-10A3039FB8F1}.Release|Any CPU.ActiveCfg = Release|Any CPU
		{0A2F5A00-3474-479B-94A5-10A3039FB8F1}.Release|Any CPU.Build.0 = Release|Any CPU
		{38834487-8F11-47D9-8082-6753A14DB551}.Debug|Any CPU.ActiveCfg = Debug|Any CPU
		{38834487-8F11-47D9-8082-6753A14DB551}.Debug|Any CPU.Build.0 = Debug|Any CPU
		{38834487-8F11-47D9-8082-6753A14DB551}.Release|Any CPU.ActiveCfg = Release|Any CPU
		{38834487-8F11-47D9-8082-6753A14DB551}.Release|Any CPU.Build.0 = Release|Any CPU
		{66246FEC-871F-4D07-9BCC-9E5FCF3352E6}.Debug|Any CPU.ActiveCfg = Debug|Any CPU
		{66246FEC-871F-4D07-9BCC-9E5FCF3352E6}.Debug|Any CPU.Build.0 = Debug|Any CPU
		{66246FEC-871F-4D07-9BCC-9E5FCF3352E6}.Release|Any CPU.ActiveCfg = Release|Any CPU
		{66246FEC-871F-4D07-9BCC-9E5FCF3352E6}.Release|Any CPU.Build.0 = Release|Any CPU
		{C2ABB6E2-7B8D-4639-897B-63BCC35792A9}.Debug|Any CPU.ActiveCfg = Debug|Any CPU
		{C2ABB6E2-7B8D-4639-897B-63BCC35792A9}.Debug|Any CPU.Build.0 = Debug|Any CPU
		{C2ABB6E2-7B8D-4639-897B-63BCC35792A9}.Release|Any CPU.ActiveCfg = Release|Any CPU
		{C2ABB6E2-7B8D-4639-897B-63BCC35792A9}.Release|Any CPU.Build.0 = Release|Any CPU
		{3C3BD029-1BE2-402E-B91F-2C93AD18C0BE}.Debug|Any CPU.ActiveCfg = Debug|Any CPU
		{3C3BD029-1BE2-402E-B91F-2C93AD18C0BE}.Debug|Any CPU.Build.0 = Debug|Any CPU
		{3C3BD029-1BE2-402E-B91F-2C93AD18C0BE}.Release|Any CPU.ActiveCfg = Release|Any CPU
		{3C3BD029-1BE2-402E-B91F-2C93AD18C0BE}.Release|Any CPU.Build.0 = Release|Any CPU
	EndGlobalSection
	GlobalSection(SolutionProperties) = preSolution
		HideSolutionNode = FALSE
	EndGlobalSection
	GlobalSection(NestedProjects) = preSolution
		{739AD66B-F949-4FA0-B513-041AE8B05127} = {5925402A-5512-43A1-A584-05094AA04590}
		{AEEC4707-A575-4C19-A625-A69B937E4A31} = {5925402A-5512-43A1-A584-05094AA04590}
		{EEB8EEE3-9ADF-40EB-9159-A70C5065CCCA} = {AEEC4707-A575-4C19-A625-A69B937E4A31}
		{5A073316-FABF-4062-8A2F-F53F569565EF} = {AEEC4707-A575-4C19-A625-A69B937E4A31}
		{4F92C9CF-6045-4DB2-87FD-672BDD2C86A2} = {5925402A-5512-43A1-A584-05094AA04590}
		{92CE329B-9A45-4A74-9B9E-C81AD289CECD} = {4F92C9CF-6045-4DB2-87FD-672BDD2C86A2}
		{C9B63693-8698-4DD0-94B5-307ED7CB4C09} = {739AD66B-F949-4FA0-B513-041AE8B05127}
		{4F219288-F57A-4CE7-B563-87265D128E8A} = {EEB8EEE3-9ADF-40EB-9159-A70C5065CCCA}
		{E9F3B055-1A34-44DF-B52E-A2F75C06E540} = {EEB8EEE3-9ADF-40EB-9159-A70C5065CCCA}
		{06FFCE3A-8B7D-42D6-BE62-9D695525988F} = {EEB8EEE3-9ADF-40EB-9159-A70C5065CCCA}
		{2666B1DE-8873-492E-BC8C-96D3FCA796D6} = {EEB8EEE3-9ADF-40EB-9159-A70C5065CCCA}
		{CDB4D07E-F2D0-42F3-AB03-7C69039688DA} = {AEEC4707-A575-4C19-A625-A69B937E4A31}
		{A9D65AE5-9646-4CC7-9CCB-A9D93ACF63D1} = {CDB4D07E-F2D0-42F3-AB03-7C69039688DA}
		{EE518C4B-A6E0-4742-9987-88EDDF7D8DBE} = {CDB4D07E-F2D0-42F3-AB03-7C69039688DA}
		{80B9C52E-F191-4D50-A42D-19BF7224CD1F} = {CDB4D07E-F2D0-42F3-AB03-7C69039688DA}
		{310EC5D4-663B-4BA5-BD91-63E2D31D3012} = {CDB4D07E-F2D0-42F3-AB03-7C69039688DA}
		{2D94710C-9576-4E7D-B8CA-E564A0D93638} = {5A073316-FABF-4062-8A2F-F53F569565EF}
		{7D187D3B-E408-478C-9EB2-E7AAD1571955} = {5A073316-FABF-4062-8A2F-F53F569565EF}
		{30D67766-9CF1-4D2B-ABF0-6FE0AA2B7989} = {5A073316-FABF-4062-8A2F-F53F569565EF}
		{1E303CD9-946E-4D91-83F2-342AB228FA54} = {5A073316-FABF-4062-8A2F-F53F569565EF}
		{55C9862D-477A-4C76-937F-DCEA478EC266} = {5A073316-FABF-4062-8A2F-F53F569565EF}
		{0A0A5296-C607-4F9E-8646-A7F697F457E9} = {AEEC4707-A575-4C19-A625-A69B937E4A31}
		{F28572DF-DE85-462C-ACCB-5A23DC8F4595} = {0A0A5296-C607-4F9E-8646-A7F697F457E9}
		{0A2F5A00-3474-479B-94A5-10A3039FB8F1} = {0A0A5296-C607-4F9E-8646-A7F697F457E9}
		{38834487-8F11-47D9-8082-6753A14DB551} = {0A0A5296-C607-4F9E-8646-A7F697F457E9}
		{66246FEC-871F-4D07-9BCC-9E5FCF3352E6} = {0A0A5296-C607-4F9E-8646-A7F697F457E9}
		{C2ABB6E2-7B8D-4639-897B-63BCC35792A9} = {0A0A5296-C607-4F9E-8646-A7F697F457E9}
		{3C3BD029-1BE2-402E-B91F-2C93AD18C0BE} = {EEB8EEE3-9ADF-40EB-9159-A70C5065CCCA}
	EndGlobalSection
	GlobalSection(ExtensibilityGlobals) = postSolution
		SolutionGuid = {49726C65-068A-4C96-ABC3-A4AF76A13BF0}
	EndGlobalSection
EndGlobal
