
Microsoft Visual Studio Solution File, Format Version 12.00
# Visual Studio Version 17
VisualStudioVersion = 17.9.34728.123
MinimumVisualStudioVersion = 10.0.40219.1
Project("{2150E333-8FDC-42A3-9474-1A3956D46DE8}") = "src", "src", "{5925402A-5512-43A1-A584-05094AA04590}"
EndProject
Project("{2150E333-8FDC-42A3-9474-1A3956D46DE8}") = "Bootstrapper", "Bootstrapper", "{739AD66B-F949-4FA0-B513-041AE8B05127}"
EndProject
Project("{2150E333-8FDC-42A3-9474-1A3956D46DE8}") = "Modules", "Modules", "{AEEC4707-A575-4C19-A625-A69B937E4A31}"
EndProject
Project("{2150E333-8FDC-42A3-9474-1A3956D46DE8}") = "Game", "Game", "{E0C13FAC-6E4B-4956-9CBC-AF9C5466F16A}"
EndProject
Project("{2150E333-8FDC-42A3-9474-1A3956D46DE8}") = "Notification", "Notification", "{FB37EA1D-A1AA-440F-BEFF-9788A50983D8}"
EndProject
Project("{2150E333-8FDC-42A3-9474-1A3956D46DE8}") = "Chat", "Chat", "{C9C481E3-4ED2-4B0C-A272-2EA3EF6D5968}"
EndProject
Project("{2150E333-8FDC-42A3-9474-1A3956D46DE8}") = "Order", "Order", "{658F7118-84BA-46C1-9D83-4AE56D2B975C}"
EndProject
Project("{2150E333-8FDC-42A3-9474-1A3956D46DE8}") = "Negotiation", "Negotiation", "{AD4B326A-8CBA-42F2-AD0B-93C4367EDF8A}"
EndProject
Project("{2150E333-8FDC-42A3-9474-1A3956D46DE8}") = "Report", "Report", "{B97A603B-CA28-49CB-8519-D1CF670E684E}"
EndProject
Project("{2150E333-8FDC-42A3-9474-1A3956D46DE8}") = "Lobby", "Lobby", "{3BDBB1F2-7A8C-4226-AA69-9AACAAAAA3C2}"
EndProject
Project("{2150E333-8FDC-42A3-9474-1A3956D46DE8}") = "AppUser", "AppUser", "{EEB8EEE3-9ADF-40EB-9159-A70C5065CCCA}"
EndProject
Project("{2150E333-8FDC-42A3-9474-1A3956D46DE8}") = "Administration", "Administration", "{5A073316-FABF-4062-8A2F-F53F569565EF}"
EndProject
Project("{2150E333-8FDC-42A3-9474-1A3956D46DE8}") = "Player", "Player", "{9E0CEF61-12FE-4694-9541-850E68EB33F0}"
EndProject
Project("{2150E333-8FDC-42A3-9474-1A3956D46DE8}") = "Shared", "Shared", "{4F92C9CF-6045-4DB2-87FD-672BDD2C86A2}"
EndProject
Project("{9A19103F-16F7-4668-BE54-9A1E7A4F7556}") = "WorldDomination.Shared", "src\Shared\WorldDomination.Shared\WorldDomination.Shared.csproj", "{92CE329B-9A45-4A74-9B9E-C81AD289CECD}"
EndProject
Project("{9A19103F-16F7-4668-BE54-9A1E7A4F7556}") = "WorldDomination.Bootstrapper", "src\Bootstrapper\WorldDomination.Bootstrapper\WorldDomination.Bootstrapper.csproj", "{C9B63693-8698-4DD0-94B5-307ED7CB4C09}"
EndProject
Project("{2150E333-8FDC-42A3-9474-1A3956D46DE8}") = "test", "test", "{2A2B9B87-1022-4824-AA3E-3A448CE76A46}"
EndProject
Project("{9A19103F-16F7-4668-BE54-9A1E7A4F7556}") = "AppUser.Domain", "src\Modules\AppUser\AppUser.Domain\AppUser.Domain.csproj", "{35D6077D-D06A-4CF8-8CC6-373B18892168}"
EndProject
Project("{9A19103F-16F7-4668-BE54-9A1E7A4F7556}") = "AppUser.Application", "src\Modules\AppUser\AppUser.Application\AppUser.Application.csproj", "{0B119620-3BC2-4063-8620-CBC11306258C}"
EndProject
Project("{9A19103F-16F7-4668-BE54-9A1E7A4F7556}") = "AppUser.Shared", "src\Modules\AppUser\AppUser.Shared\AppUser.Shared.csproj", "{4BBBF935-A08F-4291-B1E7-BDD3C45F2403}"
EndProject
Project("{9A19103F-16F7-4668-BE54-9A1E7A4F7556}") = "AppUser.Infrastructure", "src\Modules\AppUser\AppUser.Infrastructure\AppUser.Infrastructure.csproj", "{B3A21E36-5C5B-4FD9-9270-135BB9472153}"
EndProject
Project("{FAE04EC0-301F-11D3-BF4B-00C04F79EFBC}") = "AppUser.WebUI", "src\Modules\AppUser\AppUser.WebUI\AppUser.WebUI.csproj", "{8F8582E8-BAAF-43DA-BC23-7C5DC81148E0}"
EndProject
Global
	GlobalSection(SolutionConfigurationPlatforms) = preSolution
		Debug|Any CPU = Debug|Any CPU
		Release|Any CPU = Release|Any CPU
	EndGlobalSection
	GlobalSection(ProjectConfigurationPlatforms) = postSolution
		{92CE329B-9A45-4A74-9B9E-C81AD289CECD}.Debug|Any CPU.ActiveCfg = Debug|Any CPU
		{92CE329B-9A45-4A74-9B9E-C81AD289CECD}.Debug|Any CPU.Build.0 = Debug|Any CPU
		{92CE329B-9A45-4A74-9B9E-C81AD289CECD}.Release|Any CPU.ActiveCfg = Release|Any CPU
		{92CE329B-9A45-4A74-9B9E-C81AD289CECD}.Release|Any CPU.Build.0 = Release|Any CPU
		{C9B63693-8698-4DD0-94B5-307ED7CB4C09}.Debug|Any CPU.ActiveCfg = Debug|Any CPU
		{C9B63693-8698-4DD0-94B5-307ED7CB4C09}.Debug|Any CPU.Build.0 = Debug|Any CPU
		{C9B63693-8698-4DD0-94B5-307ED7CB4C09}.Release|Any CPU.ActiveCfg = Release|Any CPU
		{C9B63693-8698-4DD0-94B5-307ED7CB4C09}.Release|Any CPU.Build.0 = Release|Any CPU
		{35D6077D-D06A-4CF8-8CC6-373B18892168}.Debug|Any CPU.ActiveCfg = Debug|Any CPU
		{35D6077D-D06A-4CF8-8CC6-373B18892168}.Debug|Any CPU.Build.0 = Debug|Any CPU
		{35D6077D-D06A-4CF8-8CC6-373B18892168}.Release|Any CPU.ActiveCfg = Release|Any CPU
		{35D6077D-D06A-4CF8-8CC6-373B18892168}.Release|Any CPU.Build.0 = Release|Any CPU
		{0B119620-3BC2-4063-8620-CBC11306258C}.Debug|Any CPU.ActiveCfg = Debug|Any CPU
		{0B119620-3BC2-4063-8620-CBC11306258C}.Debug|Any CPU.Build.0 = Debug|Any CPU
		{0B119620-3BC2-4063-8620-CBC11306258C}.Release|Any CPU.ActiveCfg = Release|Any CPU
		{0B119620-3BC2-4063-8620-CBC11306258C}.Release|Any CPU.Build.0 = Release|Any CPU
		{4BBBF935-A08F-4291-B1E7-BDD3C45F2403}.Debug|Any CPU.ActiveCfg = Debug|Any CPU
		{4BBBF935-A08F-4291-B1E7-BDD3C45F2403}.Debug|Any CPU.Build.0 = Debug|Any CPU
		{4BBBF935-A08F-4291-B1E7-BDD3C45F2403}.Release|Any CPU.ActiveCfg = Release|Any CPU
		{4BBBF935-A08F-4291-B1E7-BDD3C45F2403}.Release|Any CPU.Build.0 = Release|Any CPU
		{B3A21E36-5C5B-4FD9-9270-135BB9472153}.Debug|Any CPU.ActiveCfg = Debug|Any CPU
		{B3A21E36-5C5B-4FD9-9270-135BB9472153}.Debug|Any CPU.Build.0 = Debug|Any CPU
		{B3A21E36-5C5B-4FD9-9270-135BB9472153}.Release|Any CPU.ActiveCfg = Release|Any CPU
		{B3A21E36-5C5B-4FD9-9270-135BB9472153}.Release|Any CPU.Build.0 = Release|Any CPU
		{8F8582E8-BAAF-43DA-BC23-7C5DC81148E0}.Debug|Any CPU.ActiveCfg = Debug|Any CPU
		{8F8582E8-BAAF-43DA-BC23-7C5DC81148E0}.Debug|Any CPU.Build.0 = Debug|Any CPU
		{8F8582E8-BAAF-43DA-BC23-7C5DC81148E0}.Release|Any CPU.ActiveCfg = Release|Any CPU
		{8F8582E8-BAAF-43DA-BC23-7C5DC81148E0}.Release|Any CPU.Build.0 = Release|Any CPU
	EndGlobalSection
	GlobalSection(SolutionProperties) = preSolution
		HideSolutionNode = FALSE
	EndGlobalSection
	GlobalSection(NestedProjects) = preSolution
		{739AD66B-F949-4FA0-B513-041AE8B05127} = {5925402A-5512-43A1-A584-05094AA04590}
		{AEEC4707-A575-4C19-A625-A69B937E4A31} = {5925402A-5512-43A1-A584-05094AA04590}
		{E0C13FAC-6E4B-4956-9CBC-AF9C5466F16A} = {AEEC4707-A575-4C19-A625-A69B937E4A31}
		{FB37EA1D-A1AA-440F-BEFF-9788A50983D8} = {E0C13FAC-6E4B-4956-9CBC-AF9C5466F16A}
		{C9C481E3-4ED2-4B0C-A272-2EA3EF6D5968} = {E0C13FAC-6E4B-4956-9CBC-AF9C5466F16A}
		{658F7118-84BA-46C1-9D83-4AE56D2B975C} = {E0C13FAC-6E4B-4956-9CBC-AF9C5466F16A}
		{AD4B326A-8CBA-42F2-AD0B-93C4367EDF8A} = {E0C13FAC-6E4B-4956-9CBC-AF9C5466F16A}
		{B97A603B-CA28-49CB-8519-D1CF670E684E} = {E0C13FAC-6E4B-4956-9CBC-AF9C5466F16A}
		{3BDBB1F2-7A8C-4226-AA69-9AACAAAAA3C2} = {E0C13FAC-6E4B-4956-9CBC-AF9C5466F16A}
		{EEB8EEE3-9ADF-40EB-9159-A70C5065CCCA} = {AEEC4707-A575-4C19-A625-A69B937E4A31}
		{5A073316-FABF-4062-8A2F-F53F569565EF} = {AEEC4707-A575-4C19-A625-A69B937E4A31}
		{9E0CEF61-12FE-4694-9541-850E68EB33F0} = {E0C13FAC-6E4B-4956-9CBC-AF9C5466F16A}
		{4F92C9CF-6045-4DB2-87FD-672BDD2C86A2} = {5925402A-5512-43A1-A584-05094AA04590}
		{92CE329B-9A45-4A74-9B9E-C81AD289CECD} = {4F92C9CF-6045-4DB2-87FD-672BDD2C86A2}
		{C9B63693-8698-4DD0-94B5-307ED7CB4C09} = {739AD66B-F949-4FA0-B513-041AE8B05127}
		{35D6077D-D06A-4CF8-8CC6-373B18892168} = {EEB8EEE3-9ADF-40EB-9159-A70C5065CCCA}
		{0B119620-3BC2-4063-8620-CBC11306258C} = {EEB8EEE3-9ADF-40EB-9159-A70C5065CCCA}
		{4BBBF935-A08F-4291-B1E7-BDD3C45F2403} = {EEB8EEE3-9ADF-40EB-9159-A70C5065CCCA}
		{B3A21E36-5C5B-4FD9-9270-135BB9472153} = {EEB8EEE3-9ADF-40EB-9159-A70C5065CCCA}
		{8F8582E8-BAAF-43DA-BC23-7C5DC81148E0} = {EEB8EEE3-9ADF-40EB-9159-A70C5065CCCA}
	EndGlobalSection
	GlobalSection(ExtensibilityGlobals) = postSolution
		SolutionGuid = {49726C65-068A-4C96-ABC3-A4AF76A13BF0}
	EndGlobalSection
EndGlobal
